
Microsoft Visual Studio Solution File, Format Version 12.00
# Visual Studio Version 17
VisualStudioVersion = 17.5.33502.453
MinimumVisualStudioVersion = 10.0.40219.1
Project("{8BC9CEB8-8B4A-11D0-8D11-00A0C91BC942}") = "paradigmaoop", "paradigmaoop\paradigmaoop.vcxproj", "{B64EFF94-B5C8-4862-82FD-ACDD26B0F10C}"
EndProject
Project("{8BC9CEB8-8B4A-11D0-8D11-00A0C91BC942}") = "asosiasi", "asosiasi\asosiasi.vcxproj", "{801F4C79-967A-46F6-B1BF-46A20CD174C4}"
EndProject
Project("{8BC9CEB8-8B4A-11D0-8D11-00A0C91BC942}") = "mainIA", "mainIA\mainIA.vcxproj", "{E4250C6B-2CDA-4799-9491-AF3D54DB0A0B}"
EndProject
Project("{8BC9CEB8-8B4A-11D0-8D11-00A0C91BC942}") = "mainJM", "mainJM\mainJM.vcxproj", "{117C53BD-9BBD-4D20-A407-6CAF43058686}"
EndProject
Project("{8BC9CEB8-8B4A-11D0-8D11-00A0C91BC942}") = "memberinitlist", "memberinitlist\memberinitlist.vcxproj", "{AC074137-8CE9-43CF-AE18-70FA9DC6E830}"
EndProject
Global
	GlobalSection(SolutionConfigurationPlatforms) = preSolution
		Debug|x64 = Debug|x64
		Debug|x86 = Debug|x86
		Release|x64 = Release|x64
		Release|x86 = Release|x86
	EndGlobalSection
	GlobalSection(ProjectConfigurationPlatforms) = postSolution
		{B64EFF94-B5C8-4862-82FD-ACDD26B0F10C}.Debug|x64.ActiveCfg = Debug|x64
		{B64EFF94-B5C8-4862-82FD-ACDD26B0F10C}.Debug|x64.Build.0 = Debug|x64
		{B64EFF94-B5C8-4862-82FD-ACDD26B0F10C}.Debug|x86.ActiveCfg = Debug|Win32
		{B64EFF94-B5C8-4862-82FD-ACDD26B0F10C}.Debug|x86.Build.0 = Debug|Win32
		{B64EFF94-B5C8-4862-82FD-ACDD26B0F10C}.Release|x64.ActiveCfg = Release|x64
		{B64EFF94-B5C8-4862-82FD-ACDD26B0F10C}.Release|x64.Build.0 = Release|x64
		{B64EFF94-B5C8-4862-82FD-ACDD26B0F10C}.Release|x86.ActiveCfg = Release|Win32
		{B64EFF94-B5C8-4862-82FD-ACDD26B0F10C}.Release|x86.Build.0 = Release|Win32
		{801F4C79-967A-46F6-B1BF-46A20CD174C4}.Debug|x64.ActiveCfg = Debug|x64
		{801F4C79-967A-46F6-B1BF-46A20CD174C4}.Debug|x64.Build.0 = Debug|x64
		{801F4C79-967A-46F6-B1BF-46A20CD174C4}.Debug|x86.ActiveCfg = Debug|Win32
		{801F4C79-967A-46F6-B1BF-46A20CD174C4}.Debug|x86.Build.0 = Debug|Win32
		{801F4C79-967A-46F6-B1BF-46A20CD174C4}.Release|x64.ActiveCfg = Release|x64
		{801F4C79-967A-46F6-B1BF-46A20CD174C4}.Release|x64.Build.0 = Release|x64
		{801F4C79-967A-46F6-B1BF-46A20CD174C4}.Release|x86.ActiveCfg = Release|Win32
		{801F4C79-967A-46F6-B1BF-46A20CD174C4}.Release|x86.Build.0 = Release|Win32
		{E4250C6B-2CDA-4799-9491-AF3D54DB0A0B}.Debug|x64.ActiveCfg = Debug|x64
		{E4250C6B-2CDA-4799-9491-AF3D54DB0A0B}.Debug|x64.Build.0 = Debug|x64
		{E4250C6B-2CDA-4799-9491-AF3D54DB0A0B}.Debug|x86.ActiveCfg = Debug|Win32
		{E4250C6B-2CDA-4799-9491-AF3D54DB0A0B}.Debug|x86.Build.0 = Debug|Win32
		{E4250C6B-2CDA-4799-9491-AF3D54DB0A0B}.Release|x64.ActiveCfg = Release|x64
		{E4250C6B-2CDA-4799-9491-AF3D54DB0A0B}.Release|x64.Build.0 = Release|x64
		{E4250C6B-2CDA-4799-9491-AF3D54DB0A0B}.Release|x86.ActiveCfg = Release|Win32
		{E4250C6B-2CDA-4799-9491-AF3D54DB0A0B}.Release|x86.Build.0 = Release|Win32
		{117C53BD-9BBD-4D20-A407-6CAF43058686}.Debug|x64.ActiveCfg = Debug|x64
		{117C53BD-9BBD-4D20-A407-6CAF43058686}.Debug|x64.Build.0 = Debug|x64
		{117C53BD-9BBD-4D20-A407-6CAF43058686}.Debug|x86.ActiveCfg = Debug|Win32
		{117C53BD-9BBD-4D20-A407-6CAF43058686}.Debug|x86.Build.0 = Debug|Win32
		{117C53BD-9BBD-4D20-A407-6CAF43058686}.Release|x64.ActiveCfg = Release|x64
		{117C53BD-9BBD-4D20-A407-6CAF43058686}.Release|x64.Build.0 = Release|x64
		{117C53BD-9BBD-4D20-A407-6CAF43058686}.Release|x86.ActiveCfg = Release|Win32
		{117C53BD-9BBD-4D20-A407-6CAF43058686}.Release|x86.Build.0 = Release|Win32
		{AC074137-8CE9-43CF-AE18-70FA9DC6E830}.Debug|x64.ActiveCfg = Debug|x64
		{AC074137-8CE9-43CF-AE18-70FA9DC6E830}.Debug|x64.Build.0 = Debug|x64
		{AC074137-8CE9-43CF-AE18-70FA9DC6E830}.Debug|x86.ActiveCfg = Debug|Win32
		{AC074137-8CE9-43CF-AE18-70FA9DC6E830}.Debug|x86.Build.0 = Debug|Win32
		{AC074137-8CE9-43CF-AE18-70FA9DC6E830}.Release|x64.ActiveCfg = Release|x64
		{AC074137-8CE9-43CF-AE18-70FA9DC6E830}.Release|x64.Build.0 = Release|x64
		{AC074137-8CE9-43CF-AE18-70FA9DC6E830}.Release|x86.ActiveCfg = Release|Win32
		{AC074137-8CE9-43CF-AE18-70FA9DC6E830}.Release|x86.Build.0 = Release|Win32
	EndGlobalSection
	GlobalSection(SolutionProperties) = preSolution
		HideSolutionNode = FALSE
	EndGlobalSection
	GlobalSection(ExtensibilityGlobals) = postSolution
		SolutionGuid = {53BE6FFC-8914-4AC9-86EE-1462FEA8F958}
	EndGlobalSection
EndGlobal
